
Microsoft Visual Studio Solution File, Format Version 12.00
# Visual Studio Version 16
VisualStudioVersion = 16.0.32106.194
MinimumVisualStudioVersion = 10.0.40219.1
Project("{FAE04EC0-301F-11D3-BF4B-00C04F79EFBC}") = "StudentAdminPortal", "StudentAdminPortal\StudentAdminPortal.csproj", "{BC0080E7-B3BA-4D32-A16E-7F3A878029E8}"
EndProject
Global
	GlobalSection(SolutionConfigurationPlatforms) = preSolution
		Debug|Any CPU = Debug|Any CPU
		Release|Any CPU = Release|Any CPU
	EndGlobalSection
	GlobalSection(ProjectConfigurationPlatforms) = postSolution
		{BC0080E7-B3BA-4D32-A16E-7F3A878029E8}.Debug|Any CPU.ActiveCfg = Debug|Any CPU
		{BC0080E7-B3BA-4D32-A16E-7F3A878029E8}.Debug|Any CPU.Build.0 = Debug|Any CPU
		{BC0080E7-B3BA-4D32-A16E-7F3A878029E8}.Release|Any CPU.ActiveCfg = Release|Any CPU
		{BC0080E7-B3BA-4D32-A16E-7F3A878029E8}.Release|Any CPU.Build.0 = Release|Any CPU
	EndGlobalSection
	GlobalSection(SolutionProperties) = preSolution
		HideSolutionNode = FALSE
	EndGlobalSection
	GlobalSection(ExtensibilityGlobals) = postSolution
		SolutionGuid = {0C62BFAD-D808-4FEE-B62B-21CF15EC3925}
	EndGlobalSection
EndGlobal
